
Microsoft Visual Studio Solution File, Format Version 12.00
# Visual Studio Version 16
VisualStudioVersion = 16.0.29911.84
MinimumVisualStudioVersion = 10.0.40219.1
Project("{2150E333-8FDC-42A3-9474-1A3956D46DE8}") = "Solution Items", "Solution Items", "{E687B801-36EE-4B32-9381-500E342EDCC4}"
	ProjectSection(SolutionItems) = preProject
		..\README.md = ..\README.md
	EndProjectSection
EndProject
Project("{FAE04EC0-301F-11D3-BF4B-00C04F79EFBC}") = "Model", "Model_Layer\Model.csproj", "{312CAFFD-94D7-40FD-945E-EFF666DCA78F}"
EndProject
Project("{FAE04EC0-301F-11D3-BF4B-00C04F79EFBC}") = "ViewModel", "ViewModel_Layer\ViewModel.csproj", "{A7CEC298-A509-46AB-89DB-178191911118}"
EndProject
Project("{FAE04EC0-301F-11D3-BF4B-00C04F79EFBC}") = "View", "View\View.csproj", "{393A1995-D608-474C-9FB2-77D8A0ED525A}"
EndProject
Project("{FAE04EC0-301F-11D3-BF4B-00C04F79EFBC}") = "Logic", "Logic\Logic.csproj", "{71669F11-49A7-4C18-BCDA-B831F7FE6025}"
EndProject
Project("{FAE04EC0-301F-11D3-BF4B-00C04F79EFBC}") = "Data", "Data\Data.csproj", "{72A413D3-D325-482B-8068-1297CB2B0F5F}"
EndProject
Project("{FAE04EC0-301F-11D3-BF4B-00C04F79EFBC}") = "Data_Server", "Data_Server\Data_Server.csproj", "{44181FCB-A51D-4042-B5A3-2F66A089A402}"
EndProject
Project("{FAE04EC0-301F-11D3-BF4B-00C04F79EFBC}") = "Logic_Server", "Logic_Server\Logic_Server.csproj", "{B2E20B33-7176-457E-91C9-49B5A14A7776}"
EndProject
Project("{9A19103F-16F7-4668-BE54-9A1E7A4F7556}") = "Komunikacja", "Komunikacja\Komunikacja.csproj", "{C708F3DB-89E4-416D-A87D-63AFF1909EF2}"
EndProject
Project("{9A19103F-16F7-4668-BE54-9A1E7A4F7556}") = "Server_Logic_Unit_Tests", "Server_Logic_Unit_Tests\Server_Logic_Unit_Tests.csproj", "{D41BC8F6-6C45-4053-AA9E-116463F619BA}"
EndProject
Project("{9A19103F-16F7-4668-BE54-9A1E7A4F7556}") = "Server_Data_Unit_Tests", "Server_Data_Unit_Tests\Server_Data_Unit_Tests.csproj", "{A0F71627-6859-49AD-855B-27A387214EB5}"
EndProject
Project("{2150E333-8FDC-42A3-9474-1A3956D46DE8}") = "AutoGenerated", "AutoGenerated", "{1959524E-0CA4-4180-A9D7-3377E833A55A}"
	ProjectSection(SolutionItems) = preProject
		..\..\..\..\..\xd\Projekt\DO PROJEKTU\CodeGenGlobal.cs = ..\..\..\..\..\xd\Projekt\DO PROJEKTU\CodeGenGlobal.cs
		..\..\..\..\..\xd\Projekt\DO PROJEKTU\CodeGenMain.cs = ..\..\..\..\..\xd\Projekt\DO PROJEKTU\CodeGenMain.cs
		..\..\..\..\..\xd\Projekt\DO PROJEKTU\CodeGenMethodHandler.cs = ..\..\..\..\..\xd\Projekt\DO PROJEKTU\CodeGenMethodHandler.cs
		..\..\..\..\..\xd\Projekt\DO PROJEKTU\CodeGenMethodTypeBase.cs = ..\..\..\..\..\xd\Projekt\DO PROJEKTU\CodeGenMethodTypeBase.cs
		..\..\..\..\..\xd\Projekt\DO PROJEKTU\CodeGenNodeBase.cs = ..\..\..\..\..\xd\Projekt\DO PROJEKTU\CodeGenNodeBase.cs
		..\..\..\..\..\xd\Projekt\DO PROJEKTU\CodeGenNodeFactory.cs = ..\..\..\..\..\xd\Projekt\DO PROJEKTU\CodeGenNodeFactory.cs
		..\..\..\..\..\xd\Projekt\DO PROJEKTU\CodeGenNodeManager.cs = ..\..\..\..\..\xd\Projekt\DO PROJEKTU\CodeGenNodeManager.cs
		..\..\..\..\..\xd\Projekt\DO PROJEKTU\CodeGenObjectTypeBase.cs = ..\..\..\..\..\xd\Projekt\DO PROJEKTU\CodeGenObjectTypeBase.cs
		..\..\..\..\..\xd\Projekt\DO PROJEKTU\CodeGenProject.csproj = ..\..\..\..\..\xd\Projekt\DO PROJEKTU\CodeGenProject.csproj
		..\..\..\..\..\xd\Projekt\DO PROJEKTU\CodeGenReadWriteHandler.cs = ..\..\..\..\..\xd\Projekt\DO PROJEKTU\CodeGenReadWriteHandler.cs
		..\..\..\..\..\xd\Projekt\DO PROJEKTU\CodeGenServer.Config.xml = ..\..\..\..\..\xd\Projekt\DO PROJEKTU\CodeGenServer.Config.xml
		..\..\..\..\..\xd\Projekt\DO PROJEKTU\CodeGenServer.cs = ..\..\..\..\..\xd\Projekt\DO PROJEKTU\CodeGenServer.cs
		..\..\..\..\..\xd\Projekt\DO PROJEKTU\CodeGenServerConfiguration.cs = ..\..\..\..\..\xd\Projekt\DO PROJEKTU\CodeGenServerConfiguration.cs
		..\..\..\..\..\xd\Projekt\DO PROJEKTU\CodeGenVariableTypeBase.cs = ..\..\..\..\..\xd\Projekt\DO PROJEKTU\CodeGenVariableTypeBase.cs
		..\..\..\..\..\xd\Projekt\DO PROJEKTU\project_nodeset.xml = ..\..\..\..\..\xd\Projekt\DO PROJEKTU\project_nodeset.xml
		..\..\..\..\..\xd\Projekt\DO PROJEKTU\type_ObjectType_Station_468461068_0.cs = ..\..\..\..\..\xd\Projekt\DO PROJEKTU\type_ObjectType_Station_468461068_0.cs
		..\..\..\..\..\xd\Projekt\DO PROJEKTU\type_VariableType_Heat_2031185702_0.cs = ..\..\..\..\..\xd\Projekt\DO PROJEKTU\type_VariableType_Heat_2031185702_0.cs
		..\..\..\..\..\xd\Projekt\DO PROJEKTU\type_VariableType_Name_420871476_0.cs = ..\..\..\..\..\xd\Projekt\DO PROJEKTU\type_VariableType_Name_420871476_0.cs
		..\..\..\..\..\xd\Projekt\DO PROJEKTU\type_VariableType_NowTemp_1652098010_0.cs = ..\..\..\..\..\xd\Projekt\DO PROJEKTU\type_VariableType_NowTemp_1652098010_0.cs
		..\..\..\..\..\xd\Projekt\DO PROJEKTU\type_VariableType_TargetTemp_1537019957_0.cs = ..\..\..\..\..\xd\Projekt\DO PROJEKTU\type_VariableType_TargetTemp_1537019957_0.cs
	EndProjectSection
EndProject
Global
	GlobalSection(SolutionConfigurationPlatforms) = preSolution
		Debug|Any CPU = Debug|Any CPU
		Debug|x64 = Debug|x64
		Debug|x86 = Debug|x86
		Release|Any CPU = Release|Any CPU
		Release|x64 = Release|x64
		Release|x86 = Release|x86
	EndGlobalSection
	GlobalSection(ProjectConfigurationPlatforms) = postSolution
		{312CAFFD-94D7-40FD-945E-EFF666DCA78F}.Debug|Any CPU.ActiveCfg = Debug|Any CPU
		{312CAFFD-94D7-40FD-945E-EFF666DCA78F}.Debug|Any CPU.Build.0 = Debug|Any CPU
		{312CAFFD-94D7-40FD-945E-EFF666DCA78F}.Debug|x64.ActiveCfg = Debug|Any CPU
		{312CAFFD-94D7-40FD-945E-EFF666DCA78F}.Debug|x64.Build.0 = Debug|Any CPU
		{312CAFFD-94D7-40FD-945E-EFF666DCA78F}.Debug|x86.ActiveCfg = Debug|Any CPU
		{312CAFFD-94D7-40FD-945E-EFF666DCA78F}.Debug|x86.Build.0 = Debug|Any CPU
		{312CAFFD-94D7-40FD-945E-EFF666DCA78F}.Release|Any CPU.ActiveCfg = Release|Any CPU
		{312CAFFD-94D7-40FD-945E-EFF666DCA78F}.Release|Any CPU.Build.0 = Release|Any CPU
		{312CAFFD-94D7-40FD-945E-EFF666DCA78F}.Release|x64.ActiveCfg = Release|Any CPU
		{312CAFFD-94D7-40FD-945E-EFF666DCA78F}.Release|x64.Build.0 = Release|Any CPU
		{312CAFFD-94D7-40FD-945E-EFF666DCA78F}.Release|x86.ActiveCfg = Release|Any CPU
		{312CAFFD-94D7-40FD-945E-EFF666DCA78F}.Release|x86.Build.0 = Release|Any CPU
		{A7CEC298-A509-46AB-89DB-178191911118}.Debug|Any CPU.ActiveCfg = Debug|Any CPU
		{A7CEC298-A509-46AB-89DB-178191911118}.Debug|Any CPU.Build.0 = Debug|Any CPU
		{A7CEC298-A509-46AB-89DB-178191911118}.Debug|x64.ActiveCfg = Debug|Any CPU
		{A7CEC298-A509-46AB-89DB-178191911118}.Debug|x64.Build.0 = Debug|Any CPU
		{A7CEC298-A509-46AB-89DB-178191911118}.Debug|x86.ActiveCfg = Debug|Any CPU
		{A7CEC298-A509-46AB-89DB-178191911118}.Debug|x86.Build.0 = Debug|Any CPU
		{A7CEC298-A509-46AB-89DB-178191911118}.Release|Any CPU.ActiveCfg = Release|Any CPU
		{A7CEC298-A509-46AB-89DB-178191911118}.Release|Any CPU.Build.0 = Release|Any CPU
		{A7CEC298-A509-46AB-89DB-178191911118}.Release|x64.ActiveCfg = Release|Any CPU
		{A7CEC298-A509-46AB-89DB-178191911118}.Release|x64.Build.0 = Release|Any CPU
		{A7CEC298-A509-46AB-89DB-178191911118}.Release|x86.ActiveCfg = Release|Any CPU
		{A7CEC298-A509-46AB-89DB-178191911118}.Release|x86.Build.0 = Release|Any CPU
		{393A1995-D608-474C-9FB2-77D8A0ED525A}.Debug|Any CPU.ActiveCfg = Debug|Any CPU
		{393A1995-D608-474C-9FB2-77D8A0ED525A}.Debug|Any CPU.Build.0 = Debug|Any CPU
		{393A1995-D608-474C-9FB2-77D8A0ED525A}.Debug|x64.ActiveCfg = Debug|Any CPU
		{393A1995-D608-474C-9FB2-77D8A0ED525A}.Debug|x64.Build.0 = Debug|Any CPU
		{393A1995-D608-474C-9FB2-77D8A0ED525A}.Debug|x86.ActiveCfg = Debug|Any CPU
		{393A1995-D608-474C-9FB2-77D8A0ED525A}.Debug|x86.Build.0 = Debug|Any CPU
		{393A1995-D608-474C-9FB2-77D8A0ED525A}.Release|Any CPU.ActiveCfg = Release|Any CPU
		{393A1995-D608-474C-9FB2-77D8A0ED525A}.Release|Any CPU.Build.0 = Release|Any CPU
		{393A1995-D608-474C-9FB2-77D8A0ED525A}.Release|x64.ActiveCfg = Release|Any CPU
		{393A1995-D608-474C-9FB2-77D8A0ED525A}.Release|x64.Build.0 = Release|Any CPU
		{393A1995-D608-474C-9FB2-77D8A0ED525A}.Release|x86.ActiveCfg = Release|Any CPU
		{393A1995-D608-474C-9FB2-77D8A0ED525A}.Release|x86.Build.0 = Release|Any CPU
		{71669F11-49A7-4C18-BCDA-B831F7FE6025}.Debug|Any CPU.ActiveCfg = Debug|Any CPU
		{71669F11-49A7-4C18-BCDA-B831F7FE6025}.Debug|Any CPU.Build.0 = Debug|Any CPU
		{71669F11-49A7-4C18-BCDA-B831F7FE6025}.Debug|x64.ActiveCfg = Debug|Any CPU
		{71669F11-49A7-4C18-BCDA-B831F7FE6025}.Debug|x64.Build.0 = Debug|Any CPU
		{71669F11-49A7-4C18-BCDA-B831F7FE6025}.Debug|x86.ActiveCfg = Debug|Any CPU
		{71669F11-49A7-4C18-BCDA-B831F7FE6025}.Debug|x86.Build.0 = Debug|Any CPU
		{71669F11-49A7-4C18-BCDA-B831F7FE6025}.Release|Any CPU.ActiveCfg = Release|Any CPU
		{71669F11-49A7-4C18-BCDA-B831F7FE6025}.Release|Any CPU.Build.0 = Release|Any CPU
		{71669F11-49A7-4C18-BCDA-B831F7FE6025}.Release|x64.ActiveCfg = Release|Any CPU
		{71669F11-49A7-4C18-BCDA-B831F7FE6025}.Release|x64.Build.0 = Release|Any CPU
		{71669F11-49A7-4C18-BCDA-B831F7FE6025}.Release|x86.ActiveCfg = Release|Any CPU
		{71669F11-49A7-4C18-BCDA-B831F7FE6025}.Release|x86.Build.0 = Release|Any CPU
		{72A413D3-D325-482B-8068-1297CB2B0F5F}.Debug|Any CPU.ActiveCfg = Debug|Any CPU
		{72A413D3-D325-482B-8068-1297CB2B0F5F}.Debug|Any CPU.Build.0 = Debug|Any CPU
		{72A413D3-D325-482B-8068-1297CB2B0F5F}.Debug|x64.ActiveCfg = Debug|Any CPU
		{72A413D3-D325-482B-8068-1297CB2B0F5F}.Debug|x64.Build.0 = Debug|Any CPU
		{72A413D3-D325-482B-8068-1297CB2B0F5F}.Debug|x86.ActiveCfg = Debug|Any CPU
		{72A413D3-D325-482B-8068-1297CB2B0F5F}.Debug|x86.Build.0 = Debug|Any CPU
		{72A413D3-D325-482B-8068-1297CB2B0F5F}.Release|Any CPU.ActiveCfg = Release|Any CPU
		{72A413D3-D325-482B-8068-1297CB2B0F5F}.Release|Any CPU.Build.0 = Release|Any CPU
		{72A413D3-D325-482B-8068-1297CB2B0F5F}.Release|x64.ActiveCfg = Release|Any CPU
		{72A413D3-D325-482B-8068-1297CB2B0F5F}.Release|x64.Build.0 = Release|Any CPU
		{72A413D3-D325-482B-8068-1297CB2B0F5F}.Release|x86.ActiveCfg = Release|Any CPU
		{72A413D3-D325-482B-8068-1297CB2B0F5F}.Release|x86.Build.0 = Release|Any CPU
		{44181FCB-A51D-4042-B5A3-2F66A089A402}.Debug|Any CPU.ActiveCfg = Debug|Any CPU
		{44181FCB-A51D-4042-B5A3-2F66A089A402}.Debug|Any CPU.Build.0 = Debug|Any CPU
		{44181FCB-A51D-4042-B5A3-2F66A089A402}.Debug|x64.ActiveCfg = Debug|Any CPU
		{44181FCB-A51D-4042-B5A3-2F66A089A402}.Debug|x64.Build.0 = Debug|Any CPU
		{44181FCB-A51D-4042-B5A3-2F66A089A402}.Debug|x86.ActiveCfg = Debug|Any CPU
		{44181FCB-A51D-4042-B5A3-2F66A089A402}.Debug|x86.Build.0 = Debug|Any CPU
		{44181FCB-A51D-4042-B5A3-2F66A089A402}.Release|Any CPU.ActiveCfg = Release|Any CPU
		{44181FCB-A51D-4042-B5A3-2F66A089A402}.Release|Any CPU.Build.0 = Release|Any CPU
		{44181FCB-A51D-4042-B5A3-2F66A089A402}.Release|x64.ActiveCfg = Release|Any CPU
		{44181FCB-A51D-4042-B5A3-2F66A089A402}.Release|x64.Build.0 = Release|Any CPU
		{44181FCB-A51D-4042-B5A3-2F66A089A402}.Release|x86.ActiveCfg = Release|Any CPU
		{44181FCB-A51D-4042-B5A3-2F66A089A402}.Release|x86.Build.0 = Release|Any CPU
		{B2E20B33-7176-457E-91C9-49B5A14A7776}.Debug|Any CPU.ActiveCfg = Debug|Any CPU
		{B2E20B33-7176-457E-91C9-49B5A14A7776}.Debug|Any CPU.Build.0 = Debug|Any CPU
		{B2E20B33-7176-457E-91C9-49B5A14A7776}.Debug|x64.ActiveCfg = Debug|Any CPU
		{B2E20B33-7176-457E-91C9-49B5A14A7776}.Debug|x64.Build.0 = Debug|Any CPU
		{B2E20B33-7176-457E-91C9-49B5A14A7776}.Debug|x86.ActiveCfg = Debug|Any CPU
		{B2E20B33-7176-457E-91C9-49B5A14A7776}.Debug|x86.Build.0 = Debug|Any CPU
		{B2E20B33-7176-457E-91C9-49B5A14A7776}.Release|Any CPU.ActiveCfg = Release|Any CPU
		{B2E20B33-7176-457E-91C9-49B5A14A7776}.Release|Any CPU.Build.0 = Release|Any CPU
		{B2E20B33-7176-457E-91C9-49B5A14A7776}.Release|x64.ActiveCfg = Release|Any CPU
		{B2E20B33-7176-457E-91C9-49B5A14A7776}.Release|x64.Build.0 = Release|Any CPU
		{B2E20B33-7176-457E-91C9-49B5A14A7776}.Release|x86.ActiveCfg = Release|Any CPU
		{B2E20B33-7176-457E-91C9-49B5A14A7776}.Release|x86.Build.0 = Release|Any CPU
		{C708F3DB-89E4-416D-A87D-63AFF1909EF2}.Debug|Any CPU.ActiveCfg = Debug|Any CPU
		{C708F3DB-89E4-416D-A87D-63AFF1909EF2}.Debug|Any CPU.Build.0 = Debug|Any CPU
		{C708F3DB-89E4-416D-A87D-63AFF1909EF2}.Debug|x64.ActiveCfg = Debug|Any CPU
		{C708F3DB-89E4-416D-A87D-63AFF1909EF2}.Debug|x64.Build.0 = Debug|Any CPU
		{C708F3DB-89E4-416D-A87D-63AFF1909EF2}.Debug|x86.ActiveCfg = Debug|Any CPU
		{C708F3DB-89E4-416D-A87D-63AFF1909EF2}.Debug|x86.Build.0 = Debug|Any CPU
		{C708F3DB-89E4-416D-A87D-63AFF1909EF2}.Release|Any CPU.ActiveCfg = Release|Any CPU
		{C708F3DB-89E4-416D-A87D-63AFF1909EF2}.Release|Any CPU.Build.0 = Release|Any CPU
		{C708F3DB-89E4-416D-A87D-63AFF1909EF2}.Release|x64.ActiveCfg = Release|Any CPU
		{C708F3DB-89E4-416D-A87D-63AFF1909EF2}.Release|x64.Build.0 = Release|Any CPU
		{C708F3DB-89E4-416D-A87D-63AFF1909EF2}.Release|x86.ActiveCfg = Release|Any CPU
		{C708F3DB-89E4-416D-A87D-63AFF1909EF2}.Release|x86.Build.0 = Release|Any CPU
		{D41BC8F6-6C45-4053-AA9E-116463F619BA}.Debug|Any CPU.ActiveCfg = Debug|Any CPU
		{D41BC8F6-6C45-4053-AA9E-116463F619BA}.Debug|Any CPU.Build.0 = Debug|Any CPU
		{D41BC8F6-6C45-4053-AA9E-116463F619BA}.Debug|x64.ActiveCfg = Debug|Any CPU
		{D41BC8F6-6C45-4053-AA9E-116463F619BA}.Debug|x64.Build.0 = Debug|Any CPU
		{D41BC8F6-6C45-4053-AA9E-116463F619BA}.Debug|x86.ActiveCfg = Debug|Any CPU
		{D41BC8F6-6C45-4053-AA9E-116463F619BA}.Debug|x86.Build.0 = Debug|Any CPU
		{D41BC8F6-6C45-4053-AA9E-116463F619BA}.Release|Any CPU.ActiveCfg = Release|Any CPU
		{D41BC8F6-6C45-4053-AA9E-116463F619BA}.Release|Any CPU.Build.0 = Release|Any CPU
		{D41BC8F6-6C45-4053-AA9E-116463F619BA}.Release|x64.ActiveCfg = Release|Any CPU
		{D41BC8F6-6C45-4053-AA9E-116463F619BA}.Release|x64.Build.0 = Release|Any CPU
		{D41BC8F6-6C45-4053-AA9E-116463F619BA}.Release|x86.ActiveCfg = Release|Any CPU
		{D41BC8F6-6C45-4053-AA9E-116463F619BA}.Release|x86.Build.0 = Release|Any CPU
		{A0F71627-6859-49AD-855B-27A387214EB5}.Debug|Any CPU.ActiveCfg = Debug|Any CPU
		{A0F71627-6859-49AD-855B-27A387214EB5}.Debug|Any CPU.Build.0 = Debug|Any CPU
		{A0F71627-6859-49AD-855B-27A387214EB5}.Debug|x64.ActiveCfg = Debug|Any CPU
		{A0F71627-6859-49AD-855B-27A387214EB5}.Debug|x64.Build.0 = Debug|Any CPU
		{A0F71627-6859-49AD-855B-27A387214EB5}.Debug|x86.ActiveCfg = Debug|Any CPU
		{A0F71627-6859-49AD-855B-27A387214EB5}.Debug|x86.Build.0 = Debug|Any CPU
		{A0F71627-6859-49AD-855B-27A387214EB5}.Release|Any CPU.ActiveCfg = Release|Any CPU
		{A0F71627-6859-49AD-855B-27A387214EB5}.Release|Any CPU.Build.0 = Release|Any CPU
		{A0F71627-6859-49AD-855B-27A387214EB5}.Release|x64.ActiveCfg = Release|Any CPU
		{A0F71627-6859-49AD-855B-27A387214EB5}.Release|x64.Build.0 = Release|Any CPU
		{A0F71627-6859-49AD-855B-27A387214EB5}.Release|x86.ActiveCfg = Release|Any CPU
		{A0F71627-6859-49AD-855B-27A387214EB5}.Release|x86.Build.0 = Release|Any CPU
	EndGlobalSection
	GlobalSection(SolutionProperties) = preSolution
		HideSolutionNode = FALSE
	EndGlobalSection
	GlobalSection(ExtensibilityGlobals) = postSolution
		SolutionGuid = {06D3503A-23F1-4D09-9588-C94245934494}
	EndGlobalSection
EndGlobal
