
Microsoft Visual Studio Solution File, Format Version 12.00
# Visual Studio Version 16
VisualStudioVersion = 16.0.29911.84
MinimumVisualStudioVersion = 10.0.40219.1
Project("{2150E333-8FDC-42A3-9474-1A3956D46DE8}") = "Solution Items", "Solution Items", "{E687B801-36EE-4B32-9381-500E342EDCC4}"
	ProjectSection(SolutionItems) = preProject
		..\README.md = ..\README.md
	EndProjectSection
EndProject
Project("{FAE04EC0-301F-11D3-BF4B-00C04F79EFBC}") = "Model", "Model_Layer\Model.csproj", "{312CAFFD-94D7-40FD-945E-EFF666DCA78F}"
EndProject
Project("{FAE04EC0-301F-11D3-BF4B-00C04F79EFBC}") = "ViewModel", "ViewModel_Layer\ViewModel.csproj", "{A7CEC298-A509-46AB-89DB-178191911118}"
EndProject
Project("{FAE04EC0-301F-11D3-BF4B-00C04F79EFBC}") = "View", "View\View.csproj", "{393A1995-D608-474C-9FB2-77D8A0ED525A}"
EndProject
Project("{FAE04EC0-301F-11D3-BF4B-00C04F79EFBC}") = "Logic", "Logic\Logic.csproj", "{71669F11-49A7-4C18-BCDA-B831F7FE6025}"
EndProject
Project("{FAE04EC0-301F-11D3-BF4B-00C04F79EFBC}") = "Data", "Data\Data.csproj", "{72A413D3-D325-482B-8068-1297CB2B0F5F}"
EndProject
Project("{FAE04EC0-301F-11D3-BF4B-00C04F79EFBC}") = "DataUnitTests", "DataUnitTest\DataUnitTests.csproj", "{786F8C70-E3A9-4A29-B45E-B2411D5999D1}"
EndProject
Project("{FAE04EC0-301F-11D3-BF4B-00C04F79EFBC}") = "LogicUnitTests", "LogicUnitTests\LogicUnitTests.csproj", "{51BE9B53-F318-443C-9615-8DFA12A1096F}"
EndProject
Global
	GlobalSection(SolutionConfigurationPlatforms) = preSolution
		Debug|Any CPU = Debug|Any CPU
		Release|Any CPU = Release|Any CPU
	EndGlobalSection
	GlobalSection(ProjectConfigurationPlatforms) = postSolution
		{312CAFFD-94D7-40FD-945E-EFF666DCA78F}.Debug|Any CPU.ActiveCfg = Debug|Any CPU
		{312CAFFD-94D7-40FD-945E-EFF666DCA78F}.Debug|Any CPU.Build.0 = Debug|Any CPU
		{312CAFFD-94D7-40FD-945E-EFF666DCA78F}.Release|Any CPU.ActiveCfg = Release|Any CPU
		{312CAFFD-94D7-40FD-945E-EFF666DCA78F}.Release|Any CPU.Build.0 = Release|Any CPU
		{A7CEC298-A509-46AB-89DB-178191911118}.Debug|Any CPU.ActiveCfg = Debug|Any CPU
		{A7CEC298-A509-46AB-89DB-178191911118}.Debug|Any CPU.Build.0 = Debug|Any CPU
		{A7CEC298-A509-46AB-89DB-178191911118}.Release|Any CPU.ActiveCfg = Release|Any CPU
		{A7CEC298-A509-46AB-89DB-178191911118}.Release|Any CPU.Build.0 = Release|Any CPU
		{393A1995-D608-474C-9FB2-77D8A0ED525A}.Debug|Any CPU.ActiveCfg = Debug|Any CPU
		{393A1995-D608-474C-9FB2-77D8A0ED525A}.Debug|Any CPU.Build.0 = Debug|Any CPU
		{393A1995-D608-474C-9FB2-77D8A0ED525A}.Release|Any CPU.ActiveCfg = Release|Any CPU
		{393A1995-D608-474C-9FB2-77D8A0ED525A}.Release|Any CPU.Build.0 = Release|Any CPU
		{71669F11-49A7-4C18-BCDA-B831F7FE6025}.Debug|Any CPU.ActiveCfg = Debug|Any CPU
		{71669F11-49A7-4C18-BCDA-B831F7FE6025}.Debug|Any CPU.Build.0 = Debug|Any CPU
		{71669F11-49A7-4C18-BCDA-B831F7FE6025}.Release|Any CPU.ActiveCfg = Release|Any CPU
		{71669F11-49A7-4C18-BCDA-B831F7FE6025}.Release|Any CPU.Build.0 = Release|Any CPU
		{72A413D3-D325-482B-8068-1297CB2B0F5F}.Debug|Any CPU.ActiveCfg = Debug|Any CPU
		{72A413D3-D325-482B-8068-1297CB2B0F5F}.Debug|Any CPU.Build.0 = Debug|Any CPU
		{72A413D3-D325-482B-8068-1297CB2B0F5F}.Release|Any CPU.ActiveCfg = Release|Any CPU
		{72A413D3-D325-482B-8068-1297CB2B0F5F}.Release|Any CPU.Build.0 = Release|Any CPU
		{786F8C70-E3A9-4A29-B45E-B2411D5999D1}.Debug|Any CPU.ActiveCfg = Debug|Any CPU
		{786F8C70-E3A9-4A29-B45E-B2411D5999D1}.Debug|Any CPU.Build.0 = Debug|Any CPU
		{786F8C70-E3A9-4A29-B45E-B2411D5999D1}.Release|Any CPU.ActiveCfg = Release|Any CPU
		{786F8C70-E3A9-4A29-B45E-B2411D5999D1}.Release|Any CPU.Build.0 = Release|Any CPU
		{51BE9B53-F318-443C-9615-8DFA12A1096F}.Debug|Any CPU.ActiveCfg = Debug|Any CPU
		{51BE9B53-F318-443C-9615-8DFA12A1096F}.Debug|Any CPU.Build.0 = Debug|Any CPU
		{51BE9B53-F318-443C-9615-8DFA12A1096F}.Release|Any CPU.ActiveCfg = Release|Any CPU
		{51BE9B53-F318-443C-9615-8DFA12A1096F}.Release|Any CPU.Build.0 = Release|Any CPU
	EndGlobalSection
	GlobalSection(SolutionProperties) = preSolution
		HideSolutionNode = FALSE
	EndGlobalSection
	GlobalSection(ExtensibilityGlobals) = postSolution
		SolutionGuid = {06D3503A-23F1-4D09-9588-C94245934494}
	EndGlobalSection
EndGlobal
